
Microsoft Visual Studio Solution File, Format Version 12.00
# Visual Studio Version 16
VisualStudioVersion = 16.0.29905.134
MinimumVisualStudioVersion = 10.0.40219.1
Project("{FAE04EC0-301F-11D3-BF4B-00C04F79EFBC}") = "vidu3", "vidu3\vidu3.csproj", "{DAD8B586-8DF3-4E59-A2EE-04FA412C8FBF}"
EndProject
Global
	GlobalSection(SolutionConfigurationPlatforms) = preSolution
		Debug|Any CPU = Debug|Any CPU
		Release|Any CPU = Release|Any CPU
	EndGlobalSection
	GlobalSection(ProjectConfigurationPlatforms) = postSolution
		{DAD8B586-8DF3-4E59-A2EE-04FA412C8FBF}.Debug|Any CPU.ActiveCfg = Debug|Any CPU
		{DAD8B586-8DF3-4E59-A2EE-04FA412C8FBF}.Debug|Any CPU.Build.0 = Debug|Any CPU
		{DAD8B586-8DF3-4E59-A2EE-04FA412C8FBF}.Release|Any CPU.ActiveCfg = Release|Any CPU
		{DAD8B586-8DF3-4E59-A2EE-04FA412C8FBF}.Release|Any CPU.Build.0 = Release|Any CPU
	EndGlobalSection
	GlobalSection(SolutionProperties) = preSolution
		HideSolutionNode = FALSE
	EndGlobalSection
	GlobalSection(ExtensibilityGlobals) = postSolution
		SolutionGuid = {47DCB192-438E-4238-9122-C62C2E54C787}
	EndGlobalSection
EndGlobal
