
Microsoft Visual Studio Solution File, Format Version 12.00
# Visual Studio Version 16
VisualStudioVersion = 16.0.29905.134
MinimumVisualStudioVersion = 10.0.40219.1
Project("{FAE04EC0-301F-11D3-BF4B-00C04F79EFBC}") = "Baitap7", "Baitap7\Baitap7.csproj", "{6BF8910D-FB89-400C-9C1F-AAD2B6A2019F}"
EndProject
Global
	GlobalSection(SolutionConfigurationPlatforms) = preSolution
		Debug|Any CPU = Debug|Any CPU
		Release|Any CPU = Release|Any CPU
	EndGlobalSection
	GlobalSection(ProjectConfigurationPlatforms) = postSolution
		{6BF8910D-FB89-400C-9C1F-AAD2B6A2019F}.Debug|Any CPU.ActiveCfg = Debug|Any CPU
		{6BF8910D-FB89-400C-9C1F-AAD2B6A2019F}.Debug|Any CPU.Build.0 = Debug|Any CPU
		{6BF8910D-FB89-400C-9C1F-AAD2B6A2019F}.Release|Any CPU.ActiveCfg = Release|Any CPU
		{6BF8910D-FB89-400C-9C1F-AAD2B6A2019F}.Release|Any CPU.Build.0 = Release|Any CPU
	EndGlobalSection
	GlobalSection(SolutionProperties) = preSolution
		HideSolutionNode = FALSE
	EndGlobalSection
	GlobalSection(ExtensibilityGlobals) = postSolution
		SolutionGuid = {09B88AF7-8A3C-4806-93F6-7E2EC136BCDB}
	EndGlobalSection
EndGlobal
