
Microsoft Visual Studio Solution File, Format Version 12.00
# Visual Studio Version 16
VisualStudioVersion = 16.0.30128.74
MinimumVisualStudioVersion = 10.0.40219.1
Project("{FAE04EC0-301F-11D3-BF4B-00C04F79EFBC}") = "Demo_Lab06", "Demo_Lab06\Demo_Lab06.csproj", "{49E384A5-DAA7-4ADE-91DE-D885924CD71F}"
EndProject
Global
	GlobalSection(SolutionConfigurationPlatforms) = preSolution
		Debug|Any CPU = Debug|Any CPU
		Release|Any CPU = Release|Any CPU
	EndGlobalSection
	GlobalSection(ProjectConfigurationPlatforms) = postSolution
		{49E384A5-DAA7-4ADE-91DE-D885924CD71F}.Debug|Any CPU.ActiveCfg = Debug|Any CPU
		{49E384A5-DAA7-4ADE-91DE-D885924CD71F}.Debug|Any CPU.Build.0 = Debug|Any CPU
		{49E384A5-DAA7-4ADE-91DE-D885924CD71F}.Release|Any CPU.ActiveCfg = Release|Any CPU
		{49E384A5-DAA7-4ADE-91DE-D885924CD71F}.Release|Any CPU.Build.0 = Release|Any CPU
	EndGlobalSection
	GlobalSection(SolutionProperties) = preSolution
		HideSolutionNode = FALSE
	EndGlobalSection
	GlobalSection(ExtensibilityGlobals) = postSolution
		SolutionGuid = {4BA71CDC-6749-47CD-8DA1-496B17C7C79D}
	EndGlobalSection
EndGlobal
