
Microsoft Visual Studio Solution File, Format Version 12.00
# Visual Studio Version 16
VisualStudioVersion = 16.0.29905.134
MinimumVisualStudioVersion = 10.0.40219.1
Project("{FAE04EC0-301F-11D3-BF4B-00C04F79EFBC}") = "Vidu7_2", "Vidu7_2\Vidu7_2.csproj", "{15FF20C6-5094-485D-A1DB-06F091D0D97E}"
EndProject
Global
	GlobalSection(SolutionConfigurationPlatforms) = preSolution
		Debug|Any CPU = Debug|Any CPU
		Release|Any CPU = Release|Any CPU
	EndGlobalSection
	GlobalSection(ProjectConfigurationPlatforms) = postSolution
		{15FF20C6-5094-485D-A1DB-06F091D0D97E}.Debug|Any CPU.ActiveCfg = Debug|Any CPU
		{15FF20C6-5094-485D-A1DB-06F091D0D97E}.Debug|Any CPU.Build.0 = Debug|Any CPU
		{15FF20C6-5094-485D-A1DB-06F091D0D97E}.Release|Any CPU.ActiveCfg = Release|Any CPU
		{15FF20C6-5094-485D-A1DB-06F091D0D97E}.Release|Any CPU.Build.0 = Release|Any CPU
	EndGlobalSection
	GlobalSection(SolutionProperties) = preSolution
		HideSolutionNode = FALSE
	EndGlobalSection
	GlobalSection(ExtensibilityGlobals) = postSolution
		SolutionGuid = {90F6016F-B75B-4139-9663-D784E51424B3}
	EndGlobalSection
EndGlobal
