
Microsoft Visual Studio Solution File, Format Version 12.00
# Visual Studio Version 16
VisualStudioVersion = 16.0.30128.74
MinimumVisualStudioVersion = 10.0.40219.1
Project("{FAE04EC0-301F-11D3-BF4B-00C04F79EFBC}") = "Demo_Lab02_Bai07", "Demo_Lab02_Bai07\Demo_Lab02_Bai07.csproj", "{9A296011-894C-44AC-AD08-1696F4653EC0}"
EndProject
Global
	GlobalSection(SolutionConfigurationPlatforms) = preSolution
		Debug|Any CPU = Debug|Any CPU
		Release|Any CPU = Release|Any CPU
	EndGlobalSection
	GlobalSection(ProjectConfigurationPlatforms) = postSolution
		{9A296011-894C-44AC-AD08-1696F4653EC0}.Debug|Any CPU.ActiveCfg = Debug|Any CPU
		{9A296011-894C-44AC-AD08-1696F4653EC0}.Debug|Any CPU.Build.0 = Debug|Any CPU
		{9A296011-894C-44AC-AD08-1696F4653EC0}.Release|Any CPU.ActiveCfg = Release|Any CPU
		{9A296011-894C-44AC-AD08-1696F4653EC0}.Release|Any CPU.Build.0 = Release|Any CPU
	EndGlobalSection
	GlobalSection(SolutionProperties) = preSolution
		HideSolutionNode = FALSE
	EndGlobalSection
	GlobalSection(ExtensibilityGlobals) = postSolution
		SolutionGuid = {7F7D7B3D-91AD-42F1-955E-743CC789EDCE}
	EndGlobalSection
EndGlobal
