
Microsoft Visual Studio Solution File, Format Version 12.00
# Visual Studio Version 16
VisualStudioVersion = 16.0.29905.134
MinimumVisualStudioVersion = 10.0.40219.1
Project("{FAE04EC0-301F-11D3-BF4B-00C04F79EFBC}") = "Vidu1", "Vidu1\Vidu1.csproj", "{01547FDA-52E3-40C6-B073-1D12CCC6CAB7}"
EndProject
Global
	GlobalSection(SolutionConfigurationPlatforms) = preSolution
		Debug|Any CPU = Debug|Any CPU
		Release|Any CPU = Release|Any CPU
	EndGlobalSection
	GlobalSection(ProjectConfigurationPlatforms) = postSolution
		{01547FDA-52E3-40C6-B073-1D12CCC6CAB7}.Debug|Any CPU.ActiveCfg = Debug|Any CPU
		{01547FDA-52E3-40C6-B073-1D12CCC6CAB7}.Debug|Any CPU.Build.0 = Debug|Any CPU
		{01547FDA-52E3-40C6-B073-1D12CCC6CAB7}.Release|Any CPU.ActiveCfg = Release|Any CPU
		{01547FDA-52E3-40C6-B073-1D12CCC6CAB7}.Release|Any CPU.Build.0 = Release|Any CPU
	EndGlobalSection
	GlobalSection(SolutionProperties) = preSolution
		HideSolutionNode = FALSE
	EndGlobalSection
	GlobalSection(ExtensibilityGlobals) = postSolution
		SolutionGuid = {38C1D331-0A17-48C0-9501-9EB641BD5681}
	EndGlobalSection
EndGlobal
