
Microsoft Visual Studio Solution File, Format Version 12.00
# Visual Studio Version 16
VisualStudioVersion = 16.0.29905.134
MinimumVisualStudioVersion = 10.0.40219.1
Project("{FAE04EC0-301F-11D3-BF4B-00C04F79EFBC}") = "vidu4", "vidu4\vidu4.csproj", "{2F719414-2218-43A4-9595-C9447EE449C9}"
EndProject
Global
	GlobalSection(SolutionConfigurationPlatforms) = preSolution
		Debug|Any CPU = Debug|Any CPU
		Release|Any CPU = Release|Any CPU
	EndGlobalSection
	GlobalSection(ProjectConfigurationPlatforms) = postSolution
		{2F719414-2218-43A4-9595-C9447EE449C9}.Debug|Any CPU.ActiveCfg = Debug|Any CPU
		{2F719414-2218-43A4-9595-C9447EE449C9}.Debug|Any CPU.Build.0 = Debug|Any CPU
		{2F719414-2218-43A4-9595-C9447EE449C9}.Release|Any CPU.ActiveCfg = Release|Any CPU
		{2F719414-2218-43A4-9595-C9447EE449C9}.Release|Any CPU.Build.0 = Release|Any CPU
	EndGlobalSection
	GlobalSection(SolutionProperties) = preSolution
		HideSolutionNode = FALSE
	EndGlobalSection
	GlobalSection(ExtensibilityGlobals) = postSolution
		SolutionGuid = {6E6880AC-70BC-4872-AC23-A3ACA73C1D38}
	EndGlobalSection
EndGlobal
