
Microsoft Visual Studio Solution File, Format Version 12.00
# Visual Studio Version 16
VisualStudioVersion = 16.0.29905.134
MinimumVisualStudioVersion = 10.0.40219.1
Project("{FAE04EC0-301F-11D3-BF4B-00C04F79EFBC}") = "Lab09", "Lab09\Lab09.csproj", "{08DE025B-C93A-48C9-9E69-3CAC6909CEDC}"
EndProject
Global
	GlobalSection(SolutionConfigurationPlatforms) = preSolution
		Debug|Any CPU = Debug|Any CPU
		Release|Any CPU = Release|Any CPU
	EndGlobalSection
	GlobalSection(ProjectConfigurationPlatforms) = postSolution
		{08DE025B-C93A-48C9-9E69-3CAC6909CEDC}.Debug|Any CPU.ActiveCfg = Debug|Any CPU
		{08DE025B-C93A-48C9-9E69-3CAC6909CEDC}.Debug|Any CPU.Build.0 = Debug|Any CPU
		{08DE025B-C93A-48C9-9E69-3CAC6909CEDC}.Release|Any CPU.ActiveCfg = Release|Any CPU
		{08DE025B-C93A-48C9-9E69-3CAC6909CEDC}.Release|Any CPU.Build.0 = Release|Any CPU
	EndGlobalSection
	GlobalSection(SolutionProperties) = preSolution
		HideSolutionNode = FALSE
	EndGlobalSection
	GlobalSection(ExtensibilityGlobals) = postSolution
		SolutionGuid = {42BA468A-9B1C-4E1F-9085-BD0D920E04F3}
	EndGlobalSection
EndGlobal
