
Microsoft Visual Studio Solution File, Format Version 12.00
# Visual Studio Version 16
VisualStudioVersion = 16.0.29905.134
MinimumVisualStudioVersion = 10.0.40219.1
Project("{FAE04EC0-301F-11D3-BF4B-00C04F79EFBC}") = "Vidu8_Swap", "Vidu8_Swap\Vidu8_Swap.csproj", "{C12D912C-3879-45F3-BE10-76AC91760D98}"
EndProject
Global
	GlobalSection(SolutionConfigurationPlatforms) = preSolution
		Debug|Any CPU = Debug|Any CPU
		Release|Any CPU = Release|Any CPU
	EndGlobalSection
	GlobalSection(ProjectConfigurationPlatforms) = postSolution
		{C12D912C-3879-45F3-BE10-76AC91760D98}.Debug|Any CPU.ActiveCfg = Debug|Any CPU
		{C12D912C-3879-45F3-BE10-76AC91760D98}.Debug|Any CPU.Build.0 = Debug|Any CPU
		{C12D912C-3879-45F3-BE10-76AC91760D98}.Release|Any CPU.ActiveCfg = Release|Any CPU
		{C12D912C-3879-45F3-BE10-76AC91760D98}.Release|Any CPU.Build.0 = Release|Any CPU
	EndGlobalSection
	GlobalSection(SolutionProperties) = preSolution
		HideSolutionNode = FALSE
	EndGlobalSection
	GlobalSection(ExtensibilityGlobals) = postSolution
		SolutionGuid = {6D141DF7-5A11-4E83-9CF4-BB16D6051EF6}
	EndGlobalSection
EndGlobal
