
Microsoft Visual Studio Solution File, Format Version 12.00
# Visual Studio Version 16
VisualStudioVersion = 16.0.29905.134
MinimumVisualStudioVersion = 10.0.40219.1
Project("{FAE04EC0-301F-11D3-BF4B-00C04F79EFBC}") = "Lab3", "Lab3\Lab3.csproj", "{C0A4EE0C-E5E7-4FD0-BB94-37BDB5C692B7}"
EndProject
Global
	GlobalSection(SolutionConfigurationPlatforms) = preSolution
		Debug|Any CPU = Debug|Any CPU
		Release|Any CPU = Release|Any CPU
	EndGlobalSection
	GlobalSection(ProjectConfigurationPlatforms) = postSolution
		{C0A4EE0C-E5E7-4FD0-BB94-37BDB5C692B7}.Debug|Any CPU.ActiveCfg = Debug|Any CPU
		{C0A4EE0C-E5E7-4FD0-BB94-37BDB5C692B7}.Debug|Any CPU.Build.0 = Debug|Any CPU
		{C0A4EE0C-E5E7-4FD0-BB94-37BDB5C692B7}.Release|Any CPU.ActiveCfg = Release|Any CPU
		{C0A4EE0C-E5E7-4FD0-BB94-37BDB5C692B7}.Release|Any CPU.Build.0 = Release|Any CPU
	EndGlobalSection
	GlobalSection(SolutionProperties) = preSolution
		HideSolutionNode = FALSE
	EndGlobalSection
	GlobalSection(ExtensibilityGlobals) = postSolution
		SolutionGuid = {1695D25B-B950-469F-80A3-20AB5E635A03}
	EndGlobalSection
EndGlobal
