
Microsoft Visual Studio Solution File, Format Version 12.00
# Visual Studio Version 16
VisualStudioVersion = 16.0.29905.134
MinimumVisualStudioVersion = 10.0.40219.1
Project("{FAE04EC0-301F-11D3-BF4B-00C04F79EFBC}") = "vidu1", "vidu1\vidu1.csproj", "{E9E05BD3-8E8C-4679-98D9-29E2789FC99F}"
EndProject
Global
	GlobalSection(SolutionConfigurationPlatforms) = preSolution
		Debug|Any CPU = Debug|Any CPU
		Release|Any CPU = Release|Any CPU
	EndGlobalSection
	GlobalSection(ProjectConfigurationPlatforms) = postSolution
		{E9E05BD3-8E8C-4679-98D9-29E2789FC99F}.Debug|Any CPU.ActiveCfg = Debug|Any CPU
		{E9E05BD3-8E8C-4679-98D9-29E2789FC99F}.Debug|Any CPU.Build.0 = Debug|Any CPU
		{E9E05BD3-8E8C-4679-98D9-29E2789FC99F}.Release|Any CPU.ActiveCfg = Release|Any CPU
		{E9E05BD3-8E8C-4679-98D9-29E2789FC99F}.Release|Any CPU.Build.0 = Release|Any CPU
	EndGlobalSection
	GlobalSection(SolutionProperties) = preSolution
		HideSolutionNode = FALSE
	EndGlobalSection
	GlobalSection(ExtensibilityGlobals) = postSolution
		SolutionGuid = {7A9E288C-1EDB-4738-A287-36C8856B7E48}
	EndGlobalSection
EndGlobal
