
Microsoft Visual Studio Solution File, Format Version 12.00
# Visual Studio Version 16
VisualStudioVersion = 16.0.29905.134
MinimumVisualStudioVersion = 10.0.40219.1
Project("{FAE04EC0-301F-11D3-BF4B-00C04F79EFBC}") = "Lab04", "Lab04\Lab04.csproj", "{148457F6-9EB4-464D-9219-D4516A1B4337}"
EndProject
Global
	GlobalSection(SolutionConfigurationPlatforms) = preSolution
		Debug|Any CPU = Debug|Any CPU
		Release|Any CPU = Release|Any CPU
	EndGlobalSection
	GlobalSection(ProjectConfigurationPlatforms) = postSolution
		{148457F6-9EB4-464D-9219-D4516A1B4337}.Debug|Any CPU.ActiveCfg = Debug|Any CPU
		{148457F6-9EB4-464D-9219-D4516A1B4337}.Debug|Any CPU.Build.0 = Debug|Any CPU
		{148457F6-9EB4-464D-9219-D4516A1B4337}.Release|Any CPU.ActiveCfg = Release|Any CPU
		{148457F6-9EB4-464D-9219-D4516A1B4337}.Release|Any CPU.Build.0 = Release|Any CPU
	EndGlobalSection
	GlobalSection(SolutionProperties) = preSolution
		HideSolutionNode = FALSE
	EndGlobalSection
	GlobalSection(ExtensibilityGlobals) = postSolution
		SolutionGuid = {313CB6EE-7E34-465B-98AD-B99396A8F3B6}
	EndGlobalSection
EndGlobal
