
Microsoft Visual Studio Solution File, Format Version 12.00
# Visual Studio Version 16
VisualStudioVersion = 16.0.29905.134
MinimumVisualStudioVersion = 10.0.40219.1
Project("{FAE04EC0-301F-11D3-BF4B-00C04F79EFBC}") = "Vidu3", "Vidu3\Vidu3.csproj", "{CB8DEABC-E5E8-4A73-856A-DDF216217E96}"
EndProject
Global
	GlobalSection(SolutionConfigurationPlatforms) = preSolution
		Debug|Any CPU = Debug|Any CPU
		Release|Any CPU = Release|Any CPU
	EndGlobalSection
	GlobalSection(ProjectConfigurationPlatforms) = postSolution
		{CB8DEABC-E5E8-4A73-856A-DDF216217E96}.Debug|Any CPU.ActiveCfg = Debug|Any CPU
		{CB8DEABC-E5E8-4A73-856A-DDF216217E96}.Debug|Any CPU.Build.0 = Debug|Any CPU
		{CB8DEABC-E5E8-4A73-856A-DDF216217E96}.Release|Any CPU.ActiveCfg = Release|Any CPU
		{CB8DEABC-E5E8-4A73-856A-DDF216217E96}.Release|Any CPU.Build.0 = Release|Any CPU
	EndGlobalSection
	GlobalSection(SolutionProperties) = preSolution
		HideSolutionNode = FALSE
	EndGlobalSection
	GlobalSection(ExtensibilityGlobals) = postSolution
		SolutionGuid = {CF72E5C2-2E73-4571-B038-A5A4AE6C5AE0}
	EndGlobalSection
EndGlobal
