
Microsoft Visual Studio Solution File, Format Version 12.00
# Visual Studio Version 16
VisualStudioVersion = 16.0.30128.74
MinimumVisualStudioVersion = 10.0.40219.1
Project("{FAE04EC0-301F-11D3-BF4B-00C04F79EFBC}") = "Demo_Lab02_Bai01", "Demo_Lab02_Bai01\Demo_Lab02_Bai01.csproj", "{B73400D9-70F2-4D6A-8D21-182E595E9391}"
EndProject
Global
	GlobalSection(SolutionConfigurationPlatforms) = preSolution
		Debug|Any CPU = Debug|Any CPU
		Release|Any CPU = Release|Any CPU
	EndGlobalSection
	GlobalSection(ProjectConfigurationPlatforms) = postSolution
		{B73400D9-70F2-4D6A-8D21-182E595E9391}.Debug|Any CPU.ActiveCfg = Debug|Any CPU
		{B73400D9-70F2-4D6A-8D21-182E595E9391}.Debug|Any CPU.Build.0 = Debug|Any CPU
		{B73400D9-70F2-4D6A-8D21-182E595E9391}.Release|Any CPU.ActiveCfg = Release|Any CPU
		{B73400D9-70F2-4D6A-8D21-182E595E9391}.Release|Any CPU.Build.0 = Release|Any CPU
	EndGlobalSection
	GlobalSection(SolutionProperties) = preSolution
		HideSolutionNode = FALSE
	EndGlobalSection
	GlobalSection(ExtensibilityGlobals) = postSolution
		SolutionGuid = {E14348C8-FF65-494F-849C-D56D6AE58B9F}
	EndGlobalSection
EndGlobal
