
Microsoft Visual Studio Solution File, Format Version 12.00
# Visual Studio Version 16
VisualStudioVersion = 16.0.29905.134
MinimumVisualStudioVersion = 10.0.40219.1
Project("{FAE04EC0-301F-11D3-BF4B-00C04F79EFBC}") = "Vidu6_2", "Vidu6_2\Vidu6_2.csproj", "{28D8A5C3-1B2B-47AA-8D62-467D5184A5ED}"
EndProject
Global
	GlobalSection(SolutionConfigurationPlatforms) = preSolution
		Debug|Any CPU = Debug|Any CPU
		Release|Any CPU = Release|Any CPU
	EndGlobalSection
	GlobalSection(ProjectConfigurationPlatforms) = postSolution
		{28D8A5C3-1B2B-47AA-8D62-467D5184A5ED}.Debug|Any CPU.ActiveCfg = Debug|Any CPU
		{28D8A5C3-1B2B-47AA-8D62-467D5184A5ED}.Debug|Any CPU.Build.0 = Debug|Any CPU
		{28D8A5C3-1B2B-47AA-8D62-467D5184A5ED}.Release|Any CPU.ActiveCfg = Release|Any CPU
		{28D8A5C3-1B2B-47AA-8D62-467D5184A5ED}.Release|Any CPU.Build.0 = Release|Any CPU
	EndGlobalSection
	GlobalSection(SolutionProperties) = preSolution
		HideSolutionNode = FALSE
	EndGlobalSection
	GlobalSection(ExtensibilityGlobals) = postSolution
		SolutionGuid = {79295BAA-68E7-48E4-95CD-5970FEB17AEE}
	EndGlobalSection
EndGlobal
