
Microsoft Visual Studio Solution File, Format Version 12.00
# Visual Studio Version 16
VisualStudioVersion = 16.0.29905.134
MinimumVisualStudioVersion = 10.0.40219.1
Project("{FAE04EC0-301F-11D3-BF4B-00C04F79EFBC}") = "Demo_0805", "Demo_0805\Demo_0805.csproj", "{CE8BA72A-2C41-405F-B580-578103144694}"
EndProject
Global
	GlobalSection(SolutionConfigurationPlatforms) = preSolution
		Debug|Any CPU = Debug|Any CPU
		Release|Any CPU = Release|Any CPU
	EndGlobalSection
	GlobalSection(ProjectConfigurationPlatforms) = postSolution
		{CE8BA72A-2C41-405F-B580-578103144694}.Debug|Any CPU.ActiveCfg = Debug|Any CPU
		{CE8BA72A-2C41-405F-B580-578103144694}.Debug|Any CPU.Build.0 = Debug|Any CPU
		{CE8BA72A-2C41-405F-B580-578103144694}.Release|Any CPU.ActiveCfg = Release|Any CPU
		{CE8BA72A-2C41-405F-B580-578103144694}.Release|Any CPU.Build.0 = Release|Any CPU
	EndGlobalSection
	GlobalSection(SolutionProperties) = preSolution
		HideSolutionNode = FALSE
	EndGlobalSection
	GlobalSection(ExtensibilityGlobals) = postSolution
		SolutionGuid = {FEB81D4C-6909-4BD2-A2C9-5D460F7A5DA0}
	EndGlobalSection
EndGlobal
