
Microsoft Visual Studio Solution File, Format Version 12.00
# Visual Studio Version 16
VisualStudioVersion = 16.0.29905.134
MinimumVisualStudioVersion = 10.0.40219.1
Project("{FAE04EC0-301F-11D3-BF4B-00C04F79EFBC}") = "Vidu4_Saochep", "Vidu4_Saochep\Vidu4_Saochep.csproj", "{8EC22F4A-08DE-41F8-A533-EBD40FB89885}"
EndProject
Global
	GlobalSection(SolutionConfigurationPlatforms) = preSolution
		Debug|Any CPU = Debug|Any CPU
		Release|Any CPU = Release|Any CPU
	EndGlobalSection
	GlobalSection(ProjectConfigurationPlatforms) = postSolution
		{8EC22F4A-08DE-41F8-A533-EBD40FB89885}.Debug|Any CPU.ActiveCfg = Debug|Any CPU
		{8EC22F4A-08DE-41F8-A533-EBD40FB89885}.Debug|Any CPU.Build.0 = Debug|Any CPU
		{8EC22F4A-08DE-41F8-A533-EBD40FB89885}.Release|Any CPU.ActiveCfg = Release|Any CPU
		{8EC22F4A-08DE-41F8-A533-EBD40FB89885}.Release|Any CPU.Build.0 = Release|Any CPU
	EndGlobalSection
	GlobalSection(SolutionProperties) = preSolution
		HideSolutionNode = FALSE
	EndGlobalSection
	GlobalSection(ExtensibilityGlobals) = postSolution
		SolutionGuid = {97B3B865-739C-414F-99B0-D80650C250FB}
	EndGlobalSection
EndGlobal
