
Microsoft Visual Studio Solution File, Format Version 12.00
# Visual Studio Version 16
VisualStudioVersion = 16.0.30128.74
MinimumVisualStudioVersion = 10.0.40219.1
Project("{FAE04EC0-301F-11D3-BF4B-00C04F79EFBC}") = "Demo_Lab03", "Demo_Lab03\Demo_Lab03.csproj", "{DBE88D9B-8A98-4330-AB11-22F0F30E2FC3}"
EndProject
Global
	GlobalSection(SolutionConfigurationPlatforms) = preSolution
		Debug|Any CPU = Debug|Any CPU
		Release|Any CPU = Release|Any CPU
	EndGlobalSection
	GlobalSection(ProjectConfigurationPlatforms) = postSolution
		{DBE88D9B-8A98-4330-AB11-22F0F30E2FC3}.Debug|Any CPU.ActiveCfg = Debug|Any CPU
		{DBE88D9B-8A98-4330-AB11-22F0F30E2FC3}.Debug|Any CPU.Build.0 = Debug|Any CPU
		{DBE88D9B-8A98-4330-AB11-22F0F30E2FC3}.Release|Any CPU.ActiveCfg = Release|Any CPU
		{DBE88D9B-8A98-4330-AB11-22F0F30E2FC3}.Release|Any CPU.Build.0 = Release|Any CPU
	EndGlobalSection
	GlobalSection(SolutionProperties) = preSolution
		HideSolutionNode = FALSE
	EndGlobalSection
	GlobalSection(ExtensibilityGlobals) = postSolution
		SolutionGuid = {447F9DC5-B462-4309-BE91-150FE4C416C7}
	EndGlobalSection
EndGlobal
