
Microsoft Visual Studio Solution File, Format Version 12.00
# Visual Studio Version 16
VisualStudioVersion = 16.0.29905.134
MinimumVisualStudioVersion = 10.0.40219.1
Project("{FAE04EC0-301F-11D3-BF4B-00C04F79EFBC}") = "Phanso", "Phanso\Phanso.csproj", "{AE0622C4-BB8A-45AA-B4F6-41C62DDF87B4}"
EndProject
Global
	GlobalSection(SolutionConfigurationPlatforms) = preSolution
		Debug|Any CPU = Debug|Any CPU
		Release|Any CPU = Release|Any CPU
	EndGlobalSection
	GlobalSection(ProjectConfigurationPlatforms) = postSolution
		{AE0622C4-BB8A-45AA-B4F6-41C62DDF87B4}.Debug|Any CPU.ActiveCfg = Debug|Any CPU
		{AE0622C4-BB8A-45AA-B4F6-41C62DDF87B4}.Debug|Any CPU.Build.0 = Debug|Any CPU
		{AE0622C4-BB8A-45AA-B4F6-41C62DDF87B4}.Release|Any CPU.ActiveCfg = Release|Any CPU
		{AE0622C4-BB8A-45AA-B4F6-41C62DDF87B4}.Release|Any CPU.Build.0 = Release|Any CPU
	EndGlobalSection
	GlobalSection(SolutionProperties) = preSolution
		HideSolutionNode = FALSE
	EndGlobalSection
	GlobalSection(ExtensibilityGlobals) = postSolution
		SolutionGuid = {1220AF6C-3EBE-4ADD-9D0B-80155E2F5CB1}
	EndGlobalSection
EndGlobal
