
Microsoft Visual Studio Solution File, Format Version 12.00
# Visual Studio Version 16
VisualStudioVersion = 16.0.29905.134
MinimumVisualStudioVersion = 10.0.40219.1
Project("{FAE04EC0-301F-11D3-BF4B-00C04F79EFBC}") = "vidu2", "vidu2\vidu2.csproj", "{6FFD3622-7C74-4BE7-A705-9615D6B0B467}"
EndProject
Global
	GlobalSection(SolutionConfigurationPlatforms) = preSolution
		Debug|Any CPU = Debug|Any CPU
		Release|Any CPU = Release|Any CPU
	EndGlobalSection
	GlobalSection(ProjectConfigurationPlatforms) = postSolution
		{6FFD3622-7C74-4BE7-A705-9615D6B0B467}.Debug|Any CPU.ActiveCfg = Debug|Any CPU
		{6FFD3622-7C74-4BE7-A705-9615D6B0B467}.Debug|Any CPU.Build.0 = Debug|Any CPU
		{6FFD3622-7C74-4BE7-A705-9615D6B0B467}.Release|Any CPU.ActiveCfg = Release|Any CPU
		{6FFD3622-7C74-4BE7-A705-9615D6B0B467}.Release|Any CPU.Build.0 = Release|Any CPU
	EndGlobalSection
	GlobalSection(SolutionProperties) = preSolution
		HideSolutionNode = FALSE
	EndGlobalSection
	GlobalSection(ExtensibilityGlobals) = postSolution
		SolutionGuid = {56F56E1F-4970-41BB-9664-17E7A13B5D3C}
	EndGlobalSection
EndGlobal
